{
    "_readme": [
        "This file locks the dependencies of your project to a known state",
        "Read more about it at https://getcomposer.org/doc/01-basic-usage.md#installing-dependencies",
        "This file is @generated automatically"
    ],
    "content-hash": "530de4e689fe62c4ef346f69e6acb878",
    "packages": [
        {
            "name": "lcobucci/clock",
            "version": "1.2.0",
            "source": {
                "type": "git",
                "url": "https://github.com/lcobucci/clock.git",
                "reference": "13fda71158032b805cb9c8c7544e6c99019dc267"
            },
            "dist": {
                "type": "zip",
                "url": "https://api.github.com/repos/lcobucci/clock/zipball/13fda71158032b805cb9c8c7544e6c99019dc267",
                "reference": "13fda71158032b805cb9c8c7544e6c99019dc267",
                "shasum": ""
            },
            "require": {
                "php": "^7.2"
            },
            "require-dev": {
                "infection/infection": "^0.10",
                "lcobucci/coding-standard": "^1.0",
                "phpstan/phpstan": "^0.10",
                "phpstan/phpstan-deprecation-rules": "^0.10",
                "phpstan/phpstan-phpunit": "^0.10",
                "phpstan/phpstan-strict-rules": "^0.10",
                "phpunit/phpunit": "^7.3"
            },
            "type": "library",
            "extra": {
                "branch-alias": {
                    "dev-master": "1.2-dev"
                }
            },
            "autoload": {
                "psr-4": {
                    "Lcobucci\\Clock\\": "src"
                }
            },
            "notification-url": "https://packagist.org/downloads/",
            "license": [
                "MIT"
            ],
            "authors": [
                {
                    "name": "Luís Cobucci",
                    "email": "lcobucci@gmail.com"
                }
            ],
            "description": "Yet another clock abstraction",
            "time": "2018-08-12T16:47:48+00:00"
        },
        {
            "name": "lcobucci/jwt",
            "version": "3.4.5",
            "source": {
                "type": "git",
                "url": "https://github.com/lcobucci/jwt.git",
                "reference": "511629a54465e89a31d3d7e4cf0935feab8b14c1"
            },
            "dist": {
                "type": "zip",
                "url": "https://api.github.com/repos/lcobucci/jwt/zipball/511629a54465e89a31d3d7e4cf0935feab8b14c1",
                "reference": "511629a54465e89a31d3d7e4cf0935feab8b14c1",
                "shasum": ""
            },
            "require": {
                "ext-mbstring": "*",
                "ext-openssl": "*",
                "php": "^5.6 || ^7.0"
            },
            "require-dev": {
                "mikey179/vfsstream": "~1.5",
                "phpmd/phpmd": "~2.2",
                "phpunit/php-invoker": "~1.1",
                "phpunit/phpunit": "^5.7 || ^7.3",
                "squizlabs/php_codesniffer": "~2.3"
            },
            "suggest": {
                "lcobucci/clock": "*"
            },
            "type": "library",
            "extra": {
                "branch-alias": {
                    "dev-master": "3.1-dev"
                }
            },
            "autoload": {
                "psr-4": {
                    "Lcobucci\\JWT\\": "src"
                },
                "files": [
                    "compat/class-aliases.php",
                    "compat/json-exception-polyfill.php",
                    "compat/lcobucci-clock-polyfill.php"
                ]
            },
            "notification-url": "https://packagist.org/downloads/",
            "license": [
                "BSD-3-Clause"
            ],
            "authors": [
                {
                    "name": "Luís Otávio Cobucci Oblonczyk",
                    "email": "lcobucci@gmail.com",
                    "role": "Developer"
                }
            ],
            "description": "A simple library to work with JSON Web Token and JSON Web Signature",
            "keywords": [
                "JWS",
                "jwt"
            ],
            "funding": [
                {
                    "url": "https://github.com/lcobucci",
                    "type": "github"
                },
                {
                    "url": "https://www.patreon.com/lcobucci",
                    "type": "patreon"
                }
            ],
            "time": "2021-02-16T09:40:01+00:00"
        }
    ],
    "packages-dev": [],
    "aliases": [],
    "minimum-stability": "stable",
    "stability-flags": [],
    "prefer-stable": false,
    "prefer-lowest": false,
    "platform": [],
    "platform-dev": [],
    "plugin-api-version": "1.1.0"
}
